
Microsoft Visual Studio Solution File, Format Version 12.00
# Visual Studio Version 17
VisualStudioVersion = 17.14.36930.0 d17.14
MinimumVisualStudioVersion = 10.0.40219.1
Project("{FAE04EC0-301F-11D3-BF4B-00C04F79EFBC}") = "InventarioTecnologia", "InventarioTecnologia.csproj", "{9F3699D2-7EDC-4675-AF59-498B26E3FF30}"
EndProject
Global
	GlobalSection(SolutionConfigurationPlatforms) = preSolution
		Debug|Any CPU = Debug|Any CPU
		Release|Any CPU = Release|Any CPU
	EndGlobalSection
	GlobalSection(ProjectConfigurationPlatforms) = postSolution
		{9F3699D2-7EDC-4675-AF59-498B26E3FF30}.Debug|Any CPU.ActiveCfg = Debug|Any CPU
		{9F3699D2-7EDC-4675-AF59-498B26E3FF30}.Debug|Any CPU.Build.0 = Debug|Any CPU
		{9F3699D2-7EDC-4675-AF59-498B26E3FF30}.Release|Any CPU.ActiveCfg = Release|Any CPU
		{9F3699D2-7EDC-4675-AF59-498B26E3FF30}.Release|Any CPU.Build.0 = Release|Any CPU
	EndGlobalSection
	GlobalSection(SolutionProperties) = preSolution
		HideSolutionNode = FALSE
	EndGlobalSection
	GlobalSection(ExtensibilityGlobals) = postSolution
		SolutionGuid = {2132FD90-6E31-43C2-8E2C-C6BCA6EB7CE1}
	EndGlobalSection
EndGlobal
